
Microsoft Visual Studio Solution File, Format Version 12.00
# Visual Studio Version 17
VisualStudioVersion = 17.7.34221.43
MinimumVisualStudioVersion = 10.0.40219.1
Project("{9A19103F-16F7-4668-BE54-9A1E7A4F7556}") = "PerformaceTestApp", "PerformaceTestApp.csproj", "{6C86163C-1266-4158-ACB3-FBBA6B83CDBB}"
EndProject
Global
	GlobalSection(SolutionConfigurationPlatforms) = preSolution
		Debug|Any CPU = Debug|Any CPU
		Release|Any CPU = Release|Any CPU
	EndGlobalSection
	GlobalSection(ProjectConfigurationPlatforms) = postSolution
		{6C86163C-1266-4158-ACB3-FBBA6B83CDBB}.Debug|Any CPU.ActiveCfg = Debug|Any CPU
		{6C86163C-1266-4158-ACB3-FBBA6B83CDBB}.Debug|Any CPU.Build.0 = Debug|Any CPU
		{6C86163C-1266-4158-ACB3-FBBA6B83CDBB}.Release|Any CPU.ActiveCfg = Release|Any CPU
		{6C86163C-1266-4158-ACB3-FBBA6B83CDBB}.Release|Any CPU.Build.0 = Release|Any CPU
	EndGlobalSection
	GlobalSection(SolutionProperties) = preSolution
		HideSolutionNode = FALSE
	EndGlobalSection
	GlobalSection(ExtensibilityGlobals) = postSolution
		SolutionGuid = {67B10880-B14A-4A7B-8A6B-E3F2C8E5DA7F}
	EndGlobalSection
EndGlobal
